
Microsoft Visual Studio Solution File, Format Version 12.00
# Visual Studio 2013
VisualStudioVersion = 12.0.30501.0
MinimumVisualStudioVersion = 10.0.40219.1
Project("{FAE04EC0-301F-11D3-BF4B-00C04F79EFBC}") = "Common", "Common\Common.csproj", "{D96098CA-0850-432E-8810-96C6EA8D1915}"
EndProject
Project("{FAE04EC0-301F-11D3-BF4B-00C04F79EFBC}") = "IteratorPattern", "IteratorPattern\IteratorPattern.csproj", "{B585C23A-F1D9-498A-B473-31993F6EE11D}"
EndProject
Project("{FAE04EC0-301F-11D3-BF4B-00C04F79EFBC}") = "IteratorPattern.Test", "IteratorPattern.Test\IteratorPattern.Test.csproj", "{11EAA2F0-E48A-4925-8AC5-F3E4BABC6005}"
EndProject
Project("{2150E333-8FDC-42A3-9474-1A3956D46DE8}") = ".nuget", ".nuget", "{31134EE4-F175-4D38-AD20-45421A259861}"
	ProjectSection(SolutionItems) = preProject
		.nuget\packages.config = .nuget\packages.config
	EndProjectSection
EndProject
Global
	GlobalSection(SolutionConfigurationPlatforms) = preSolution
		Debug|Any CPU = Debug|Any CPU
		Release|Any CPU = Release|Any CPU
	EndGlobalSection
	GlobalSection(ProjectConfigurationPlatforms) = postSolution
		{D96098CA-0850-432E-8810-96C6EA8D1915}.Debug|Any CPU.ActiveCfg = Debug|Any CPU
		{D96098CA-0850-432E-8810-96C6EA8D1915}.Debug|Any CPU.Build.0 = Debug|Any CPU
		{D96098CA-0850-432E-8810-96C6EA8D1915}.Release|Any CPU.ActiveCfg = Release|Any CPU
		{D96098CA-0850-432E-8810-96C6EA8D1915}.Release|Any CPU.Build.0 = Release|Any CPU
		{B585C23A-F1D9-498A-B473-31993F6EE11D}.Debug|Any CPU.ActiveCfg = Debug|Any CPU
		{B585C23A-F1D9-498A-B473-31993F6EE11D}.Debug|Any CPU.Build.0 = Debug|Any CPU
		{B585C23A-F1D9-498A-B473-31993F6EE11D}.Release|Any CPU.ActiveCfg = Release|Any CPU
		{B585C23A-F1D9-498A-B473-31993F6EE11D}.Release|Any CPU.Build.0 = Release|Any CPU
		{11EAA2F0-E48A-4925-8AC5-F3E4BABC6005}.Debug|Any CPU.ActiveCfg = Debug|Any CPU
		{11EAA2F0-E48A-4925-8AC5-F3E4BABC6005}.Debug|Any CPU.Build.0 = Debug|Any CPU
		{11EAA2F0-E48A-4925-8AC5-F3E4BABC6005}.Release|Any CPU.ActiveCfg = Release|Any CPU
		{11EAA2F0-E48A-4925-8AC5-F3E4BABC6005}.Release|Any CPU.Build.0 = Release|Any CPU
	EndGlobalSection
	GlobalSection(SolutionProperties) = preSolution
		HideSolutionNode = FALSE
	EndGlobalSection
EndGlobal
